// !$*UTF8*$!
{
	archiveVersion = 1;
	classes = {
	};
	objectVersion = 50;
	objects = {

/* Begin PBXBuildFile section */
		4AFCB368214F84B9008F5B9A /* AppDelegate.swift in Sources */ = {isa = PBXBuildFile; fileRef = 4AFCB367214F84B9008F5B9A /* AppDelegate.swift */; };
		4AFCB36A214F84B9008F5B9A /* DeliveryListViewController.swift in Sources */ = {isa = PBXBuildFile; fileRef = 4AFCB369214F84B9008F5B9A /* DeliveryListViewController.swift */; };
		4AFCB36D214F84B9008F5B9A /* Main.storyboard in Resources */ = {isa = PBXBuildFile; fileRef = 4AFCB36B214F84B9008F5B9A /* Main.storyboard */; };
		4AFCB370214F84B9008F5B9A /* Delievery_Appliation.xcdatamodeld in Sources */ = {isa = PBXBuildFile; fileRef = 4AFCB36E214F84B9008F5B9A /* Delievery_Appliation.xcdatamodeld */; };
		4AFCB372214F84BC008F5B9A /* Assets.xcassets in Resources */ = {isa = PBXBuildFile; fileRef = 4AFCB371214F84BC008F5B9A /* Assets.xcassets */; };
		4AFCB375214F84BC008F5B9A /* LaunchScreen.storyboard in Resources */ = {isa = PBXBuildFile; fileRef = 4AFCB373214F84BC008F5B9A /* LaunchScreen.storyboard */; };
		4AFCB380214F84BC008F5B9A /* Delievery_AppliationTests.swift in Sources */ = {isa = PBXBuildFile; fileRef = 4AFCB37F214F84BC008F5B9A /* Delievery_AppliationTests.swift */; };
		4AFCB38E214F863A008F5B9A /* BaseUrl.swift in Sources */ = {isa = PBXBuildFile; fileRef = 4AFCB38D214F863A008F5B9A /* BaseUrl.swift */; };
		4AFCB390214F8662008F5B9A /* API.swift in Sources */ = {isa = PBXBuildFile; fileRef = 4AFCB38F214F8662008F5B9A /* API.swift */; };
		4AFCB392214F8690008F5B9A /* NetworkResult.swift in Sources */ = {isa = PBXBuildFile; fileRef = 4AFCB391214F8690008F5B9A /* NetworkResult.swift */; };
		4AFCB394214F86B4008F5B9A /* Request.swift in Sources */ = {isa = PBXBuildFile; fileRef = 4AFCB393214F86B4008F5B9A /* Request.swift */; };
		4AFCB396214F8750008F5B9A /* BaseUrl+Extension.swift in Sources */ = {isa = PBXBuildFile; fileRef = 4AFCB395214F8750008F5B9A /* BaseUrl+Extension.swift */; };
		4AFCB398214F88AE008F5B9A /* API+Extension.swift in Sources */ = {isa = PBXBuildFile; fileRef = 4AFCB397214F88AE008F5B9A /* API+Extension.swift */; };
		4AFCB39A214F8939008F5B9A /* RequestProvider.swift in Sources */ = {isa = PBXBuildFile; fileRef = 4AFCB399214F8939008F5B9A /* RequestProvider.swift */; };
		4AFCB3A0214F8AD0008F5B9A /* LocationDTO.swift in Sources */ = {isa = PBXBuildFile; fileRef = 4AFCB39F214F8AD0008F5B9A /* LocationDTO.swift */; };
		4AFCB3A2214F8B65008F5B9A /* DeliveryDTO.swift in Sources */ = {isa = PBXBuildFile; fileRef = 4AFCB3A1214F8B65008F5B9A /* DeliveryDTO.swift */; };
		4AFCB3A4214F8BF8008F5B9A /* DeliveryRequest.swift in Sources */ = {isa = PBXBuildFile; fileRef = 4AFCB3A3214F8BF8008F5B9A /* DeliveryRequest.swift */; };
		4AFCB3A9214FAB3A008F5B9A /* AlamofireManager.swift in Sources */ = {isa = PBXBuildFile; fileRef = 4AFCB3A8214FAB3A008F5B9A /* AlamofireManager.swift */; };
		4AFCB3AB214FB027008F5B9A /* NetworkManager.swift in Sources */ = {isa = PBXBuildFile; fileRef = 4AFCB3AA214FB027008F5B9A /* NetworkManager.swift */; };
		4AFCB3AD214FB557008F5B9A /* Response.swift in Sources */ = {isa = PBXBuildFile; fileRef = 4AFCB3AC214FB557008F5B9A /* Response.swift */; };
		4AFCB3AF214FB5D7008F5B9A /* NetworkError.swift in Sources */ = {isa = PBXBuildFile; fileRef = 4AFCB3AE214FB5D7008F5B9A /* NetworkError.swift */; };
		4AFCB3B1214FBBAD008F5B9A /* DeliveryResponse.swift in Sources */ = {isa = PBXBuildFile; fileRef = 4AFCB3B0214FBBAD008F5B9A /* DeliveryResponse.swift */; };
		4AFCB3C3214FE7BB008F5B9A /* LocationModel+CoreDataClass.swift in Sources */ = {isa = PBXBuildFile; fileRef = 4AFCB3BF214FE7BB008F5B9A /* LocationModel+CoreDataClass.swift */; };
		4AFCB3C4214FE7BB008F5B9A /* LocationModel+CoreDataProperties.swift in Sources */ = {isa = PBXBuildFile; fileRef = 4AFCB3C0214FE7BB008F5B9A /* LocationModel+CoreDataProperties.swift */; };
		4AFCB3C5214FE7BB008F5B9A /* DeliveryModel+CoreDataClass.swift in Sources */ = {isa = PBXBuildFile; fileRef = 4AFCB3C1214FE7BB008F5B9A /* DeliveryModel+CoreDataClass.swift */; };
		4AFCB3C6214FE7BB008F5B9A /* DeliveryModel+CoreDataProperties.swift in Sources */ = {isa = PBXBuildFile; fileRef = 4AFCB3C2214FE7BB008F5B9A /* DeliveryModel+CoreDataProperties.swift */; };
		4AFCB3C9215027FD008F5B9A /* Repository.swift in Sources */ = {isa = PBXBuildFile; fileRef = 4AFCB3C8215027FD008F5B9A /* Repository.swift */; };
		4AFCB3CB215028DC008F5B9A /* Predicate.swift in Sources */ = {isa = PBXBuildFile; fileRef = 4AFCB3CA215028DC008F5B9A /* Predicate.swift */; };
		4AFCB3CD21503108008F5B9A /* DBManager.swift in Sources */ = {isa = PBXBuildFile; fileRef = 4AFCB3CC21503108008F5B9A /* DBManager.swift */; };
		4AFCB3D021503323008F5B9A /* CoreDataManager.swift in Sources */ = {isa = PBXBuildFile; fileRef = 4AFCB3CF21503323008F5B9A /* CoreDataManager.swift */; };
		4AFCB3D321503B10008F5B9A /* DeliveryRepository.swift in Sources */ = {isa = PBXBuildFile; fileRef = 4AFCB3D221503B10008F5B9A /* DeliveryRepository.swift */; };
		4AFCB3D721509989008F5B9A /* Extensions.swift in Sources */ = {isa = PBXBuildFile; fileRef = 4AFCB3D621509989008F5B9A /* Extensions.swift */; };
		4AFCB3E12150C656008F5B9A /* Protocols.swift in Sources */ = {isa = PBXBuildFile; fileRef = 4AFCB3E02150C656008F5B9A /* Protocols.swift */; };
		4AFCB3E42150D4C7008F5B9A /* ViewsFactory.swift in Sources */ = {isa = PBXBuildFile; fileRef = 4AFCB3E32150D4C7008F5B9A /* ViewsFactory.swift */; };
		4AFCB3E62150FF7A008F5B9A /* DeliveryListView.swift in Sources */ = {isa = PBXBuildFile; fileRef = 4AFCB3E52150FF7A008F5B9A /* DeliveryListView.swift */; };
		4AFCB3E9215108B7008F5B9A /* DeliveryListTableViewCell.swift in Sources */ = {isa = PBXBuildFile; fileRef = 4AFCB3E8215108B7008F5B9A /* DeliveryListTableViewCell.swift */; };
		4AFCB3EB21526EF4008F5B9A /* DeliveryListViewModelImp.swift in Sources */ = {isa = PBXBuildFile; fileRef = 4AFCB3EA21526EF4008F5B9A /* DeliveryListViewModelImp.swift */; };
		4AFCB3ED21527007008F5B9A /* DeliveryServicesImp.swift in Sources */ = {isa = PBXBuildFile; fileRef = 4AFCB3EC21527007008F5B9A /* DeliveryServicesImp.swift */; };
		4AFCB3F021527052008F5B9A /* DeliveryServices.swift in Sources */ = {isa = PBXBuildFile; fileRef = 4AFCB3EF21527052008F5B9A /* DeliveryServices.swift */; };
		4AFCB3F221529F2F008F5B9A /* DeliveryMapper.swift in Sources */ = {isa = PBXBuildFile; fileRef = 4AFCB3F121529F2F008F5B9A /* DeliveryMapper.swift */; };
		4AFCB3F42152A341008F5B9A /* DeliveryListViewModel.swift in Sources */ = {isa = PBXBuildFile; fileRef = 4AFCB3F32152A341008F5B9A /* DeliveryListViewModel.swift */; };
		4AFCB3F92152B214008F5B9A /* Singleton.swift in Sources */ = {isa = PBXBuildFile; fileRef = 4AFCB3F82152B214008F5B9A /* Singleton.swift */; };
		4AFCB3FB2152B3ED008F5B9A /* ContextFactory.swift in Sources */ = {isa = PBXBuildFile; fileRef = 4AFCB3FA2152B3ED008F5B9A /* ContextFactory.swift */; };
		4AFCB3FE2152BB17008F5B9A /* Toast.swift in Sources */ = {isa = PBXBuildFile; fileRef = 4AFCB3FD2152BB17008F5B9A /* Toast.swift */; };
		4AFCB4002152C015008F5B9A /* DeliveryListTableCellViewModel.swift in Sources */ = {isa = PBXBuildFile; fileRef = 4AFCB3FF2152C015008F5B9A /* DeliveryListTableCellViewModel.swift */; };
		4AFCB4022152C577008F5B9A /* DeliveryListTableCellViewModelImp.swift in Sources */ = {isa = PBXBuildFile; fileRef = 4AFCB4012152C577008F5B9A /* DeliveryListTableCellViewModelImp.swift */; };
		4AFCB4082153800F008F5B9A /* DeliveryServiceBuilder.swift in Sources */ = {isa = PBXBuildFile; fileRef = 4AFCB4072153800F008F5B9A /* DeliveryServiceBuilder.swift */; };
		4AFCB40A21538320008F5B9A /* DeliveryRepositoryBuilder.swift in Sources */ = {isa = PBXBuildFile; fileRef = 4AFCB40921538320008F5B9A /* DeliveryRepositoryBuilder.swift */; };
		4AFCB40E2153B81D008F5B9A /* ShowMoreListTableViewCell.swift in Sources */ = {isa = PBXBuildFile; fileRef = 4AFCB40D2153B81D008F5B9A /* ShowMoreListTableViewCell.swift */; };
		4AFCB4102153BC54008F5B9A /* ShowMoreViewModel.swift in Sources */ = {isa = PBXBuildFile; fileRef = 4AFCB40F2153BC54008F5B9A /* ShowMoreViewModel.swift */; };
		4AFCB4122153BC8A008F5B9A /* ShowMoreViewModelImp.swift in Sources */ = {isa = PBXBuildFile; fileRef = 4AFCB4112153BC8A008F5B9A /* ShowMoreViewModelImp.swift */; };
		4AFCB4162153F737008F5B9A /* MapViewTableViewCell.swift in Sources */ = {isa = PBXBuildFile; fileRef = 4AFCB4152153F737008F5B9A /* MapViewTableViewCell.swift */; };
		4AFCB4182153F906008F5B9A /* MapViewCellViewModel.swift in Sources */ = {isa = PBXBuildFile; fileRef = 4AFCB4172153F906008F5B9A /* MapViewCellViewModel.swift */; };
		4AFCB41A2153F92A008F5B9A /* MapModel.swift in Sources */ = {isa = PBXBuildFile; fileRef = 4AFCB4192153F92A008F5B9A /* MapModel.swift */; };
		4AFCB41C2153FAAF008F5B9A /* MapViewCellViewModelImp.swift in Sources */ = {isa = PBXBuildFile; fileRef = 4AFCB41B2153FAAF008F5B9A /* MapViewCellViewModelImp.swift */; };
		AD72C4F8067248A28D72E195 /* Pods_Delievery_Appliation.framework in Frameworks */ = {isa = PBXBuildFile; fileRef = EF450E12F2FC78BBD18609B6 /* Pods_Delievery_Appliation.framework */; };
/* End PBXBuildFile section */

/* Begin PBXContainerItemProxy section */
		4AFCB37C214F84BC008F5B9A /* PBXContainerItemProxy */ = {
			isa = PBXContainerItemProxy;
			containerPortal = 4AFCB35C214F84B9008F5B9A /* Project object */;
			proxyType = 1;
			remoteGlobalIDString = 4AFCB363214F84B9008F5B9A;
			remoteInfo = "Delievery Appliation";
		};
/* End PBXContainerItemProxy section */

/* Begin PBXFileReference section */
		4385A00B03F75E7BEDDC20A2 /* Pods-Delievery Appliation.debug.xcconfig */ = {isa = PBXFileReference; includeInIndex = 1; lastKnownFileType = text.xcconfig; name = "Pods-Delievery Appliation.debug.xcconfig"; path = "Pods/Target Support Files/Pods-Delievery Appliation/Pods-Delievery Appliation.debug.xcconfig"; sourceTree = "<group>"; };
		4AFCB364214F84B9008F5B9A /* Delievery Appliation.app */ = {isa = PBXFileReference; explicitFileType = wrapper.application; includeInIndex = 0; path = "Delievery Appliation.app"; sourceTree = BUILT_PRODUCTS_DIR; };
		4AFCB367214F84B9008F5B9A /* AppDelegate.swift */ = {isa = PBXFileReference; lastKnownFileType = sourcecode.swift; path = AppDelegate.swift; sourceTree = "<group>"; };
		4AFCB369214F84B9008F5B9A /* DeliveryListViewController.swift */ = {isa = PBXFileReference; lastKnownFileType = sourcecode.swift; path = DeliveryListViewController.swift; sourceTree = "<group>"; };
		4AFCB36C214F84B9008F5B9A /* Base */ = {isa = PBXFileReference; lastKnownFileType = file.storyboard; name = Base; path = Base.lproj/Main.storyboard; sourceTree = "<group>"; };
		4AFCB36F214F84B9008F5B9A /* Delievery_Appliation.xcdatamodel */ = {isa = PBXFileReference; lastKnownFileType = wrapper.xcdatamodel; path = Delievery_Appliation.xcdatamodel; sourceTree = "<group>"; };
		4AFCB371214F84BC008F5B9A /* Assets.xcassets */ = {isa = PBXFileReference; lastKnownFileType = folder.assetcatalog; path = Assets.xcassets; sourceTree = "<group>"; };
		4AFCB374214F84BC008F5B9A /* Base */ = {isa = PBXFileReference; lastKnownFileType = file.storyboard; name = Base; path = Base.lproj/LaunchScreen.storyboard; sourceTree = "<group>"; };
		4AFCB376214F84BC008F5B9A /* Info.plist */ = {isa = PBXFileReference; lastKnownFileType = text.plist.xml; path = Info.plist; sourceTree = "<group>"; };
		4AFCB37B214F84BC008F5B9A /* Delievery AppliationTests.xctest */ = {isa = PBXFileReference; explicitFileType = wrapper.cfbundle; includeInIndex = 0; path = "Delievery AppliationTests.xctest"; sourceTree = BUILT_PRODUCTS_DIR; };
		4AFCB37F214F84BC008F5B9A /* Delievery_AppliationTests.swift */ = {isa = PBXFileReference; lastKnownFileType = sourcecode.swift; path = Delievery_AppliationTests.swift; sourceTree = "<group>"; };
		4AFCB381214F84BC008F5B9A /* Info.plist */ = {isa = PBXFileReference; lastKnownFileType = text.plist.xml; path = Info.plist; sourceTree = "<group>"; };
		4AFCB38D214F863A008F5B9A /* BaseUrl.swift */ = {isa = PBXFileReference; lastKnownFileType = sourcecode.swift; path = BaseUrl.swift; sourceTree = "<group>"; };
		4AFCB38F214F8662008F5B9A /* API.swift */ = {isa = PBXFileReference; lastKnownFileType = sourcecode.swift; path = API.swift; sourceTree = "<group>"; };
		4AFCB391214F8690008F5B9A /* NetworkResult.swift */ = {isa = PBXFileReference; lastKnownFileType = sourcecode.swift; path = NetworkResult.swift; sourceTree = "<group>"; };
		4AFCB393214F86B4008F5B9A /* Request.swift */ = {isa = PBXFileReference; lastKnownFileType = sourcecode.swift; path = Request.swift; sourceTree = "<group>"; };
		4AFCB395214F8750008F5B9A /* BaseUrl+Extension.swift */ = {isa = PBXFileReference; lastKnownFileType = sourcecode.swift; path = "BaseUrl+Extension.swift"; sourceTree = "<group>"; };
		4AFCB397214F88AE008F5B9A /* API+Extension.swift */ = {isa = PBXFileReference; lastKnownFileType = sourcecode.swift; path = "API+Extension.swift"; sourceTree = "<group>"; };
		4AFCB399214F8939008F5B9A /* RequestProvider.swift */ = {isa = PBXFileReference; lastKnownFileType = sourcecode.swift; path = RequestProvider.swift; sourceTree = "<group>"; };
		4AFCB39F214F8AD0008F5B9A /* LocationDTO.swift */ = {isa = PBXFileReference; lastKnownFileType = sourcecode.swift; path = LocationDTO.swift; sourceTree = "<group>"; };
		4AFCB3A1214F8B65008F5B9A /* DeliveryDTO.swift */ = {isa = PBXFileReference; lastKnownFileType = sourcecode.swift; path = DeliveryDTO.swift; sourceTree = "<group>"; };
		4AFCB3A3214F8BF8008F5B9A /* DeliveryRequest.swift */ = {isa = PBXFileReference; lastKnownFileType = sourcecode.swift; path = DeliveryRequest.swift; sourceTree = "<group>"; };
		4AFCB3A8214FAB3A008F5B9A /* AlamofireManager.swift */ = {isa = PBXFileReference; lastKnownFileType = sourcecode.swift; path = AlamofireManager.swift; sourceTree = "<group>"; };
		4AFCB3AA214FB027008F5B9A /* NetworkManager.swift */ = {isa = PBXFileReference; lastKnownFileType = sourcecode.swift; path = NetworkManager.swift; sourceTree = "<group>"; };
		4AFCB3AC214FB557008F5B9A /* Response.swift */ = {isa = PBXFileReference; lastKnownFileType = sourcecode.swift; path = Response.swift; sourceTree = "<group>"; };
		4AFCB3AE214FB5D7008F5B9A /* NetworkError.swift */ = {isa = PBXFileReference; lastKnownFileType = sourcecode.swift; path = NetworkError.swift; sourceTree = "<group>"; };
		4AFCB3B0214FBBAD008F5B9A /* DeliveryResponse.swift */ = {isa = PBXFileReference; lastKnownFileType = sourcecode.swift; path = DeliveryResponse.swift; sourceTree = "<group>"; };
		4AFCB3BF214FE7BB008F5B9A /* LocationModel+CoreDataClass.swift */ = {isa = PBXFileReference; lastKnownFileType = sourcecode.swift; path = "LocationModel+CoreDataClass.swift"; sourceTree = "<group>"; };
		4AFCB3C0214FE7BB008F5B9A /* LocationModel+CoreDataProperties.swift */ = {isa = PBXFileReference; lastKnownFileType = sourcecode.swift; path = "LocationModel+CoreDataProperties.swift"; sourceTree = "<group>"; };
		4AFCB3C1214FE7BB008F5B9A /* DeliveryModel+CoreDataClass.swift */ = {isa = PBXFileReference; lastKnownFileType = sourcecode.swift; path = "DeliveryModel+CoreDataClass.swift"; sourceTree = "<group>"; };
		4AFCB3C2214FE7BB008F5B9A /* DeliveryModel+CoreDataProperties.swift */ = {isa = PBXFileReference; lastKnownFileType = sourcecode.swift; path = "DeliveryModel+CoreDataProperties.swift"; sourceTree = "<group>"; };
		4AFCB3C8215027FD008F5B9A /* Repository.swift */ = {isa = PBXFileReference; lastKnownFileType = sourcecode.swift; path = Repository.swift; sourceTree = "<group>"; };
		4AFCB3CA215028DC008F5B9A /* Predicate.swift */ = {isa = PBXFileReference; lastKnownFileType = sourcecode.swift; path = Predicate.swift; sourceTree = "<group>"; };
		4AFCB3CC21503108008F5B9A /* DBManager.swift */ = {isa = PBXFileReference; lastKnownFileType = sourcecode.swift; path = DBManager.swift; sourceTree = "<group>"; };
		4AFCB3CF21503323008F5B9A /* CoreDataManager.swift */ = {isa = PBXFileReference; lastKnownFileType = sourcecode.swift; path = CoreDataManager.swift; sourceTree = "<group>"; };
		4AFCB3D221503B10008F5B9A /* DeliveryRepository.swift */ = {isa = PBXFileReference; lastKnownFileType = sourcecode.swift; path = DeliveryRepository.swift; sourceTree = "<group>"; };
		4AFCB3D621509989008F5B9A /* Extensions.swift */ = {isa = PBXFileReference; lastKnownFileType = sourcecode.swift; path = Extensions.swift; sourceTree = "<group>"; };
		4AFCB3E02150C656008F5B9A /* Protocols.swift */ = {isa = PBXFileReference; lastKnownFileType = sourcecode.swift; path = Protocols.swift; sourceTree = "<group>"; };
		4AFCB3E32150D4C7008F5B9A /* ViewsFactory.swift */ = {isa = PBXFileReference; lastKnownFileType = sourcecode.swift; path = ViewsFactory.swift; sourceTree = "<group>"; };
		4AFCB3E52150FF7A008F5B9A /* DeliveryListView.swift */ = {isa = PBXFileReference; lastKnownFileType = sourcecode.swift; path = DeliveryListView.swift; sourceTree = "<group>"; };
		4AFCB3E8215108B7008F5B9A /* DeliveryListTableViewCell.swift */ = {isa = PBXFileReference; lastKnownFileType = sourcecode.swift; path = DeliveryListTableViewCell.swift; sourceTree = "<group>"; };
		4AFCB3EA21526EF4008F5B9A /* DeliveryListViewModelImp.swift */ = {isa = PBXFileReference; lastKnownFileType = sourcecode.swift; path = DeliveryListViewModelImp.swift; sourceTree = "<group>"; };
		4AFCB3EC21527007008F5B9A /* DeliveryServicesImp.swift */ = {isa = PBXFileReference; lastKnownFileType = sourcecode.swift; path = DeliveryServicesImp.swift; sourceTree = "<group>"; };
		4AFCB3EF21527052008F5B9A /* DeliveryServices.swift */ = {isa = PBXFileReference; lastKnownFileType = sourcecode.swift; path = DeliveryServices.swift; sourceTree = "<group>"; };
		4AFCB3F121529F2F008F5B9A /* DeliveryMapper.swift */ = {isa = PBXFileReference; lastKnownFileType = sourcecode.swift; path = DeliveryMapper.swift; sourceTree = "<group>"; };
		4AFCB3F32152A341008F5B9A /* DeliveryListViewModel.swift */ = {isa = PBXFileReference; lastKnownFileType = sourcecode.swift; path = DeliveryListViewModel.swift; sourceTree = "<group>"; };
		4AFCB3F82152B214008F5B9A /* Singleton.swift */ = {isa = PBXFileReference; lastKnownFileType = sourcecode.swift; path = Singleton.swift; sourceTree = "<group>"; };
		4AFCB3FA2152B3ED008F5B9A /* ContextFactory.swift */ = {isa = PBXFileReference; lastKnownFileType = sourcecode.swift; path = ContextFactory.swift; sourceTree = "<group>"; };
		4AFCB3FD2152BB17008F5B9A /* Toast.swift */ = {isa = PBXFileReference; lastKnownFileType = sourcecode.swift; path = Toast.swift; sourceTree = "<group>"; };
		4AFCB3FF2152C015008F5B9A /* DeliveryListTableCellViewModel.swift */ = {isa = PBXFileReference; lastKnownFileType = sourcecode.swift; path = DeliveryListTableCellViewModel.swift; sourceTree = "<group>"; };
		4AFCB4012152C577008F5B9A /* DeliveryListTableCellViewModelImp.swift */ = {isa = PBXFileReference; lastKnownFileType = sourcecode.swift; path = DeliveryListTableCellViewModelImp.swift; sourceTree = "<group>"; };
		4AFCB4072153800F008F5B9A /* DeliveryServiceBuilder.swift */ = {isa = PBXFileReference; lastKnownFileType = sourcecode.swift; path = DeliveryServiceBuilder.swift; sourceTree = "<group>"; };
		4AFCB40921538320008F5B9A /* DeliveryRepositoryBuilder.swift */ = {isa = PBXFileReference; lastKnownFileType = sourcecode.swift; path = DeliveryRepositoryBuilder.swift; sourceTree = "<group>"; };
		4AFCB40D2153B81D008F5B9A /* ShowMoreListTableViewCell.swift */ = {isa = PBXFileReference; lastKnownFileType = sourcecode.swift; path = ShowMoreListTableViewCell.swift; sourceTree = "<group>"; };
		4AFCB40F2153BC54008F5B9A /* ShowMoreViewModel.swift */ = {isa = PBXFileReference; lastKnownFileType = sourcecode.swift; path = ShowMoreViewModel.swift; sourceTree = "<group>"; };
		4AFCB4112153BC8A008F5B9A /* ShowMoreViewModelImp.swift */ = {isa = PBXFileReference; lastKnownFileType = sourcecode.swift; path = ShowMoreViewModelImp.swift; sourceTree = "<group>"; };
		4AFCB4152153F737008F5B9A /* MapViewTableViewCell.swift */ = {isa = PBXFileReference; lastKnownFileType = sourcecode.swift; path = MapViewTableViewCell.swift; sourceTree = "<group>"; };
		4AFCB4172153F906008F5B9A /* MapViewCellViewModel.swift */ = {isa = PBXFileReference; lastKnownFileType = sourcecode.swift; path = MapViewCellViewModel.swift; sourceTree = "<group>"; };
		4AFCB4192153F92A008F5B9A /* MapModel.swift */ = {isa = PBXFileReference; lastKnownFileType = sourcecode.swift; path = MapModel.swift; sourceTree = "<group>"; };
		4AFCB41B2153FAAF008F5B9A /* MapViewCellViewModelImp.swift */ = {isa = PBXFileReference; lastKnownFileType = sourcecode.swift; path = MapViewCellViewModelImp.swift; sourceTree = "<group>"; };
		56301AEE276E14674FB89475 /* Pods-Delievery Appliation.release.xcconfig */ = {isa = PBXFileReference; includeInIndex = 1; lastKnownFileType = text.xcconfig; name = "Pods-Delievery Appliation.release.xcconfig"; path = "Pods/Target Support Files/Pods-Delievery Appliation/Pods-Delievery Appliation.release.xcconfig"; sourceTree = "<group>"; };
		EF450E12F2FC78BBD18609B6 /* Pods_Delievery_Appliation.framework */ = {isa = PBXFileReference; explicitFileType = wrapper.framework; includeInIndex = 0; path = Pods_Delievery_Appliation.framework; sourceTree = BUILT_PRODUCTS_DIR; };
/* End PBXFileReference section */

/* Begin PBXFrameworksBuildPhase section */
		4AFCB361214F84B9008F5B9A /* Frameworks */ = {
			isa = PBXFrameworksBuildPhase;
			buildActionMask = 2147483647;
			files = (
				AD72C4F8067248A28D72E195 /* Pods_Delievery_Appliation.framework in Frameworks */,
			);
			runOnlyForDeploymentPostprocessing = 0;
		};
		4AFCB378214F84BC008F5B9A /* Frameworks */ = {
			isa = PBXFrameworksBuildPhase;
			buildActionMask = 2147483647;
			files = (
			);
			runOnlyForDeploymentPostprocessing = 0;
		};
/* End PBXFrameworksBuildPhase section */

/* Begin PBXGroup section */
		4AFCB35B214F84B9008F5B9A = {
			isa = PBXGroup;
			children = (
				4AFCB366214F84B9008F5B9A /* Delievery Appliation */,
				4AFCB37E214F84BC008F5B9A /* Delievery AppliationTests */,
				4AFCB365214F84B9008F5B9A /* Products */,
				5369060FAE403B97C043E6E9 /* Pods */,
				8C5D6E336EBF6A77D03C0E7D /* Frameworks */,
			);
			sourceTree = "<group>";
		};
		4AFCB365214F84B9008F5B9A /* Products */ = {
			isa = PBXGroup;
			children = (
				4AFCB364214F84B9008F5B9A /* Delievery Appliation.app */,
				4AFCB37B214F84BC008F5B9A /* Delievery AppliationTests.xctest */,
			);
			name = Products;
			sourceTree = "<group>";
		};
		4AFCB366214F84B9008F5B9A /* Delievery Appliation */ = {
			isa = PBXGroup;
			children = (
				4AFCB40321537AFC008F5B9A /* ObjectBuilders */,
				4AFCB3FC2152BAFB008F5B9A /* ThirdParties */,
				4AFCB3F72152B206008F5B9A /* Shared */,
				4AFCB39E214F8AA7008F5B9A /* DTO */,
				4AFCB3D521509959008F5B9A /* Extensions */,
				4AFCB3D421509941008F5B9A /* Protocols */,
				4AFCB3BD214FE78E008F5B9A /* DBManager */,
				4AFCB38A214F84D3008F5B9A /* Networking */,
				4AFCB3D92150C469008F5B9A /* Deliveries */,
				4AFCB367214F84B9008F5B9A /* AppDelegate.swift */,
				4AFCB36B214F84B9008F5B9A /* Main.storyboard */,
				4AFCB371214F84BC008F5B9A /* Assets.xcassets */,
				4AFCB373214F84BC008F5B9A /* LaunchScreen.storyboard */,
				4AFCB376214F84BC008F5B9A /* Info.plist */,
				4AFCB36E214F84B9008F5B9A /* Delievery_Appliation.xcdatamodeld */,
			);
			path = "Delievery Appliation";
			sourceTree = "<group>";
		};
		4AFCB37E214F84BC008F5B9A /* Delievery AppliationTests */ = {
			isa = PBXGroup;
			children = (
				4AFCB37F214F84BC008F5B9A /* Delievery_AppliationTests.swift */,
				4AFCB381214F84BC008F5B9A /* Info.plist */,
			);
			path = "Delievery AppliationTests";
			sourceTree = "<group>";
		};
		4AFCB38A214F84D3008F5B9A /* Networking */ = {
			isa = PBXGroup;
			children = (
				4AFCB3A7214FAB1A008F5B9A /* Extension */,
				4AFCB3B2214FBC0F008F5B9A /* Manager */,
				4AFCB39D214F8A68008F5B9A /* Response */,
				4AFCB39C214F8A5F008F5B9A /* Requests */,
				4AFCB38C214F8621008F5B9A /* Contract */,
				4AFCB38B214F861C008F5B9A /* Model */,
			);
			path = Networking;
			sourceTree = "<group>";
		};
		4AFCB38B214F861C008F5B9A /* Model */ = {
			isa = PBXGroup;
			children = (
				4AFCB38D214F863A008F5B9A /* BaseUrl.swift */,
				4AFCB38F214F8662008F5B9A /* API.swift */,
				4AFCB393214F86B4008F5B9A /* Request.swift */,
				4AFCB391214F8690008F5B9A /* NetworkResult.swift */,
				4AFCB3AE214FB5D7008F5B9A /* NetworkError.swift */,
			);
			path = Model;
			sourceTree = "<group>";
		};
		4AFCB38C214F8621008F5B9A /* Contract */ = {
			isa = PBXGroup;
			children = (
				4AFCB399214F8939008F5B9A /* RequestProvider.swift */,
				4AFCB3AA214FB027008F5B9A /* NetworkManager.swift */,
				4AFCB3AC214FB557008F5B9A /* Response.swift */,
			);
			path = Contract;
			sourceTree = "<group>";
		};
		4AFCB39C214F8A5F008F5B9A /* Requests */ = {
			isa = PBXGroup;
			children = (
				4AFCB3A3214F8BF8008F5B9A /* DeliveryRequest.swift */,
			);
			path = Requests;
			sourceTree = "<group>";
		};
		4AFCB39D214F8A68008F5B9A /* Response */ = {
			isa = PBXGroup;
			children = (
				4AFCB3B0214FBBAD008F5B9A /* DeliveryResponse.swift */,
			);
			path = Response;
			sourceTree = "<group>";
		};
		4AFCB39E214F8AA7008F5B9A /* DTO */ = {
			isa = PBXGroup;
			children = (
				4AFCB39F214F8AD0008F5B9A /* LocationDTO.swift */,
				4AFCB3A1214F8B65008F5B9A /* DeliveryDTO.swift */,
			);
			path = DTO;
			sourceTree = "<group>";
		};
		4AFCB3A7214FAB1A008F5B9A /* Extension */ = {
			isa = PBXGroup;
			children = (
				4AFCB395214F8750008F5B9A /* BaseUrl+Extension.swift */,
				4AFCB397214F88AE008F5B9A /* API+Extension.swift */,
			);
			path = Extension;
			sourceTree = "<group>";
		};
		4AFCB3B2214FBC0F008F5B9A /* Manager */ = {
			isa = PBXGroup;
			children = (
				4AFCB3A8214FAB3A008F5B9A /* AlamofireManager.swift */,
			);
			path = Manager;
			sourceTree = "<group>";
		};
		4AFCB3BD214FE78E008F5B9A /* DBManager */ = {
			isa = PBXGroup;
			children = (
				4AFCB3D121503AE2008F5B9A /* Repositories */,
				4AFCB3CE2150330F008F5B9A /* Manager */,
				4AFCB3C7215027EC008F5B9A /* Contract */,
				4AFCB3BE214FE79A008F5B9A /* Model */,
			);
			path = DBManager;
			sourceTree = "<group>";
		};
		4AFCB3BE214FE79A008F5B9A /* Model */ = {
			isa = PBXGroup;
			children = (
				4AFCB3BF214FE7BB008F5B9A /* LocationModel+CoreDataClass.swift */,
				4AFCB3C0214FE7BB008F5B9A /* LocationModel+CoreDataProperties.swift */,
				4AFCB3C1214FE7BB008F5B9A /* DeliveryModel+CoreDataClass.swift */,
				4AFCB3C2214FE7BB008F5B9A /* DeliveryModel+CoreDataProperties.swift */,
				4AFCB3CA215028DC008F5B9A /* Predicate.swift */,
			);
			path = Model;
			sourceTree = "<group>";
		};
		4AFCB3C7215027EC008F5B9A /* Contract */ = {
			isa = PBXGroup;
			children = (
				4AFCB3C8215027FD008F5B9A /* Repository.swift */,
				4AFCB3CC21503108008F5B9A /* DBManager.swift */,
			);
			path = Contract;
			sourceTree = "<group>";
		};
		4AFCB3CE2150330F008F5B9A /* Manager */ = {
			isa = PBXGroup;
			children = (
				4AFCB3CF21503323008F5B9A /* CoreDataManager.swift */,
			);
			path = Manager;
			sourceTree = "<group>";
		};
		4AFCB3D121503AE2008F5B9A /* Repositories */ = {
			isa = PBXGroup;
			children = (
				4AFCB3D221503B10008F5B9A /* DeliveryRepository.swift */,
			);
			path = Repositories;
			sourceTree = "<group>";
		};
		4AFCB3D421509941008F5B9A /* Protocols */ = {
			isa = PBXGroup;
			children = (
				4AFCB3E02150C656008F5B9A /* Protocols.swift */,
			);
			path = Protocols;
			sourceTree = "<group>";
		};
		4AFCB3D521509959008F5B9A /* Extensions */ = {
			isa = PBXGroup;
			children = (
				4AFCB3D621509989008F5B9A /* Extensions.swift */,
			);
			path = Extensions;
			sourceTree = "<group>";
		};
		4AFCB3D92150C469008F5B9A /* Deliveries */ = {
			isa = PBXGroup;
			children = (
				4AFCB3EE2152701D008F5B9A /* Contract */,
				4AFCB3DD2150C4B5008F5B9A /* Service */,
				4AFCB3DC2150C4A7008F5B9A /* Model */,
				4AFCB3DB2150C496008F5B9A /* ViewModel */,
				4AFCB3DA2150C47E008F5B9A /* View */,
			);
			path = Deliveries;
			sourceTree = "<group>";
		};
		4AFCB3DA2150C47E008F5B9A /* View */ = {
			isa = PBXGroup;
			children = (
				4AFCB3DF2150C549008F5B9A /* ViewControllers */,
				4AFCB3DE2150C540008F5B9A /* Views */,
			);
			path = View;
			sourceTree = "<group>";
		};
		4AFCB3DB2150C496008F5B9A /* ViewModel */ = {
			isa = PBXGroup;
			children = (
				4AFCB3EA21526EF4008F5B9A /* DeliveryListViewModelImp.swift */,
				4AFCB4012152C577008F5B9A /* DeliveryListTableCellViewModelImp.swift */,
				4AFCB4112153BC8A008F5B9A /* ShowMoreViewModelImp.swift */,
				4AFCB41B2153FAAF008F5B9A /* MapViewCellViewModelImp.swift */,
			);
			path = ViewModel;
			sourceTree = "<group>";
		};
		4AFCB3DC2150C4A7008F5B9A /* Model */ = {
			isa = PBXGroup;
			children = (
				4AFCB4192153F92A008F5B9A /* MapModel.swift */,
			);
			path = Model;
			sourceTree = "<group>";
		};
		4AFCB3DD2150C4B5008F5B9A /* Service */ = {
			isa = PBXGroup;
			children = (
				4AFCB3EC21527007008F5B9A /* DeliveryServicesImp.swift */,
				4AFCB3F121529F2F008F5B9A /* DeliveryMapper.swift */,
			);
			path = Service;
			sourceTree = "<group>";
		};
		4AFCB3DE2150C540008F5B9A /* Views */ = {
			isa = PBXGroup;
			children = (
				4AFCB40C2153ADFA008F5B9A /* Views */,
				4AFCB3E721510894008F5B9A /* TableViewCells */,
			);
			path = Views;
			sourceTree = "<group>";
		};
		4AFCB3DF2150C549008F5B9A /* ViewControllers */ = {
			isa = PBXGroup;
			children = (
				4AFCB369214F84B9008F5B9A /* DeliveryListViewController.swift */,
			);
			path = ViewControllers;
			sourceTree = "<group>";
		};
		4AFCB3E22150D4A9008F5B9A /* Factories */ = {
			isa = PBXGroup;
			children = (
				4AFCB3E32150D4C7008F5B9A /* ViewsFactory.swift */,
				4AFCB3FA2152B3ED008F5B9A /* ContextFactory.swift */,
			);
			path = Factories;
			sourceTree = "<group>";
		};
		4AFCB3E721510894008F5B9A /* TableViewCells */ = {
			isa = PBXGroup;
			children = (
				4AFCB3E8215108B7008F5B9A /* DeliveryListTableViewCell.swift */,
				4AFCB40D2153B81D008F5B9A /* ShowMoreListTableViewCell.swift */,
				4AFCB4152153F737008F5B9A /* MapViewTableViewCell.swift */,
			);
			path = TableViewCells;
			sourceTree = "<group>";
		};
		4AFCB3EE2152701D008F5B9A /* Contract */ = {
			isa = PBXGroup;
			children = (
				4AFCB3EF21527052008F5B9A /* DeliveryServices.swift */,
				4AFCB3F32152A341008F5B9A /* DeliveryListViewModel.swift */,
				4AFCB3FF2152C015008F5B9A /* DeliveryListTableCellViewModel.swift */,
				4AFCB40F2153BC54008F5B9A /* ShowMoreViewModel.swift */,
				4AFCB4172153F906008F5B9A /* MapViewCellViewModel.swift */,
			);
			path = Contract;
			sourceTree = "<group>";
		};
		4AFCB3F72152B206008F5B9A /* Shared */ = {
			isa = PBXGroup;
			children = (
				4AFCB3F82152B214008F5B9A /* Singleton.swift */,
			);
			path = Shared;
			sourceTree = "<group>";
		};
		4AFCB3FC2152BAFB008F5B9A /* ThirdParties */ = {
			isa = PBXGroup;
			children = (
				4AFCB3FD2152BB17008F5B9A /* Toast.swift */,
			);
			path = ThirdParties;
			sourceTree = "<group>";
		};
		4AFCB40321537AFC008F5B9A /* ObjectBuilders */ = {
			isa = PBXGroup;
			children = (
				4AFCB40421537B3E008F5B9A /* Builder */,
				4AFCB3E22150D4A9008F5B9A /* Factories */,
			);
			path = ObjectBuilders;
			sourceTree = "<group>";
		};
		4AFCB40421537B3E008F5B9A /* Builder */ = {
			isa = PBXGroup;
			children = (
				4AFCB4072153800F008F5B9A /* DeliveryServiceBuilder.swift */,
				4AFCB40921538320008F5B9A /* DeliveryRepositoryBuilder.swift */,
			);
			path = Builder;
			sourceTree = "<group>";
		};
		4AFCB40C2153ADFA008F5B9A /* Views */ = {
			isa = PBXGroup;
			children = (
				4AFCB3E52150FF7A008F5B9A /* DeliveryListView.swift */,
			);
			path = Views;
			sourceTree = "<group>";
		};
		5369060FAE403B97C043E6E9 /* Pods */ = {
			isa = PBXGroup;
			children = (
				4385A00B03F75E7BEDDC20A2 /* Pods-Delievery Appliation.debug.xcconfig */,
				56301AEE276E14674FB89475 /* Pods-Delievery Appliation.release.xcconfig */,
			);
			name = Pods;
			sourceTree = "<group>";
		};
		8C5D6E336EBF6A77D03C0E7D /* Frameworks */ = {
			isa = PBXGroup;
			children = (
				EF450E12F2FC78BBD18609B6 /* Pods_Delievery_Appliation.framework */,
			);
			name = Frameworks;
			sourceTree = "<group>";
		};
/* End PBXGroup section */

/* Begin PBXNativeTarget section */
		4AFCB363214F84B9008F5B9A /* Delievery Appliation */ = {
			isa = PBXNativeTarget;
			buildConfigurationList = 4AFCB384214F84BC008F5B9A /* Build configuration list for PBXNativeTarget "Delievery Appliation" */;
			buildPhases = (
				C86FF36FA27FB5B52F3C3666 /* [CP] Check Pods Manifest.lock */,
				4AFCB360214F84B9008F5B9A /* Sources */,
				4AFCB361214F84B9008F5B9A /* Frameworks */,
				4AFCB362214F84B9008F5B9A /* Resources */,
				03C8EA151003BEDA7F4FC71D /* [CP] Embed Pods Frameworks */,
				9BA629634C29CDA13FE195FA /* [CP] Copy Pods Resources */,
			);
			buildRules = (
			);
			dependencies = (
			);
			name = "Delievery Appliation";
			productName = "Delievery Appliation";
			productReference = 4AFCB364214F84B9008F5B9A /* Delievery Appliation.app */;
			productType = "com.apple.product-type.application";
		};
		4AFCB37A214F84BC008F5B9A /* Delievery AppliationTests */ = {
			isa = PBXNativeTarget;
			buildConfigurationList = 4AFCB387214F84BC008F5B9A /* Build configuration list for PBXNativeTarget "Delievery AppliationTests" */;
			buildPhases = (
				4AFCB377214F84BC008F5B9A /* Sources */,
				4AFCB378214F84BC008F5B9A /* Frameworks */,
				4AFCB379214F84BC008F5B9A /* Resources */,
			);
			buildRules = (
			);
			dependencies = (
				4AFCB37D214F84BC008F5B9A /* PBXTargetDependency */,
			);
			name = "Delievery AppliationTests";
			productName = "Delievery AppliationTests";
			productReference = 4AFCB37B214F84BC008F5B9A /* Delievery AppliationTests.xctest */;
			productType = "com.apple.product-type.bundle.unit-test";
		};
/* End PBXNativeTarget section */

/* Begin PBXProject section */
		4AFCB35C214F84B9008F5B9A /* Project object */ = {
			isa = PBXProject;
			attributes = {
				LastSwiftUpdateCheck = 0940;
				LastUpgradeCheck = 0940;
				ORGANIZATIONNAME = "Osama Bin Bashir";
				TargetAttributes = {
					4AFCB363214F84B9008F5B9A = {
						CreatedOnToolsVersion = 9.4;
					};
					4AFCB37A214F84BC008F5B9A = {
						CreatedOnToolsVersion = 9.4;
						TestTargetID = 4AFCB363214F84B9008F5B9A;
					};
				};
			};
			buildConfigurationList = 4AFCB35F214F84B9008F5B9A /* Build configuration list for PBXProject "Delievery Appliation" */;
			compatibilityVersion = "Xcode 9.3";
			developmentRegion = en;
			hasScannedForEncodings = 0;
			knownRegions = (
				en,
				Base,
			);
			mainGroup = 4AFCB35B214F84B9008F5B9A;
			productRefGroup = 4AFCB365214F84B9008F5B9A /* Products */;
			projectDirPath = "";
			projectRoot = "";
			targets = (
				4AFCB363214F84B9008F5B9A /* Delievery Appliation */,
				4AFCB37A214F84BC008F5B9A /* Delievery AppliationTests */,
			);
		};
/* End PBXProject section */

/* Begin PBXResourcesBuildPhase section */
		4AFCB362214F84B9008F5B9A /* Resources */ = {
			isa = PBXResourcesBuildPhase;
			buildActionMask = 2147483647;
			files = (
				4AFCB375214F84BC008F5B9A /* LaunchScreen.storyboard in Resources */,
				4AFCB372214F84BC008F5B9A /* Assets.xcassets in Resources */,
				4AFCB36D214F84B9008F5B9A /* Main.storyboard in Resources */,
			);
			runOnlyForDeploymentPostprocessing = 0;
		};
		4AFCB379214F84BC008F5B9A /* Resources */ = {
			isa = PBXResourcesBuildPhase;
			buildActionMask = 2147483647;
			files = (
			);
			runOnlyForDeploymentPostprocessing = 0;
		};
/* End PBXResourcesBuildPhase section */

/* Begin PBXShellScriptBuildPhase section */
		03C8EA151003BEDA7F4FC71D /* [CP] Embed Pods Frameworks */ = {
			isa = PBXShellScriptBuildPhase;
			buildActionMask = 2147483647;
			files = (
			);
			inputPaths = (
				"${SRCROOT}/Pods/Target Support Files/Pods-Delievery Appliation/Pods-Delievery Appliation-frameworks.sh",
				"${BUILT_PRODUCTS_DIR}/Alamofire/Alamofire.framework",
				"${BUILT_PRODUCTS_DIR}/ObjectMapper/ObjectMapper.framework",
				"${BUILT_PRODUCTS_DIR}/SDWebImage/SDWebImage.framework",
			);
			name = "[CP] Embed Pods Frameworks";
			outputPaths = (
				"${TARGET_BUILD_DIR}/${FRAMEWORKS_FOLDER_PATH}/Alamofire.framework",
				"${TARGET_BUILD_DIR}/${FRAMEWORKS_FOLDER_PATH}/ObjectMapper.framework",
				"${TARGET_BUILD_DIR}/${FRAMEWORKS_FOLDER_PATH}/SDWebImage.framework",
			);
			runOnlyForDeploymentPostprocessing = 0;
			shellPath = /bin/sh;
			shellScript = "\"${SRCROOT}/Pods/Target Support Files/Pods-Delievery Appliation/Pods-Delievery Appliation-frameworks.sh\"\n";
			showEnvVarsInLog = 0;
		};
		9BA629634C29CDA13FE195FA /* [CP] Copy Pods Resources */ = {
			isa = PBXShellScriptBuildPhase;
			buildActionMask = 2147483647;
			files = (
			);
			inputPaths = (
				"${SRCROOT}/Pods/Target Support Files/Pods-Delievery Appliation/Pods-Delievery Appliation-resources.sh",
				"${PODS_ROOT}/GoogleMaps/Maps/Frameworks/GoogleMaps.framework/Resources/GoogleMaps.bundle",
				"${PODS_ROOT}/GooglePlaces/Frameworks/GooglePlaces.framework/Resources/GooglePlaces.bundle",
			);
			name = "[CP] Copy Pods Resources";
			outputPaths = (
				"${TARGET_BUILD_DIR}/${UNLOCALIZED_RESOURCES_FOLDER_PATH}/GoogleMaps.bundle",
				"${TARGET_BUILD_DIR}/${UNLOCALIZED_RESOURCES_FOLDER_PATH}/GooglePlaces.bundle",
			);
			runOnlyForDeploymentPostprocessing = 0;
			shellPath = /bin/sh;
			shellScript = "\"${SRCROOT}/Pods/Target Support Files/Pods-Delievery Appliation/Pods-Delievery Appliation-resources.sh\"\n";
			showEnvVarsInLog = 0;
		};
		C86FF36FA27FB5B52F3C3666 /* [CP] Check Pods Manifest.lock */ = {
			isa = PBXShellScriptBuildPhase;
			buildActionMask = 2147483647;
			files = (
			);
			inputPaths = (
				"${PODS_PODFILE_DIR_PATH}/Podfile.lock",
				"${PODS_ROOT}/Manifest.lock",
			);
			name = "[CP] Check Pods Manifest.lock";
			outputPaths = (
				"$(DERIVED_FILE_DIR)/Pods-Delievery Appliation-checkManifestLockResult.txt",
			);
			runOnlyForDeploymentPostprocessing = 0;
			shellPath = /bin/sh;
			shellScript = "diff \"${PODS_PODFILE_DIR_PATH}/Podfile.lock\" \"${PODS_ROOT}/Manifest.lock\" > /dev/null\nif [ $? != 0 ] ; then\n    # print error to STDERR\n    echo \"error: The sandbox is not in sync with the Podfile.lock. Run 'pod install' or update your CocoaPods installation.\" >&2\n    exit 1\nfi\n# This output is used by Xcode 'outputs' to avoid re-running this script phase.\necho \"SUCCESS\" > \"${SCRIPT_OUTPUT_FILE_0}\"\n";
			showEnvVarsInLog = 0;
		};
/* End PBXShellScriptBuildPhase section */

/* Begin PBXSourcesBuildPhase section */
		4AFCB360214F84B9008F5B9A /* Sources */ = {
			isa = PBXSourcesBuildPhase;
			buildActionMask = 2147483647;
			files = (
				4AFCB3CD21503108008F5B9A /* DBManager.swift in Sources */,
				4AFCB3AF214FB5D7008F5B9A /* NetworkError.swift in Sources */,
				4AFCB3C5214FE7BB008F5B9A /* DeliveryModel+CoreDataClass.swift in Sources */,
				4AFCB41C2153FAAF008F5B9A /* MapViewCellViewModelImp.swift in Sources */,
				4AFCB396214F8750008F5B9A /* BaseUrl+Extension.swift in Sources */,
				4AFCB3C6214FE7BB008F5B9A /* DeliveryModel+CoreDataProperties.swift in Sources */,
				4AFCB3A2214F8B65008F5B9A /* DeliveryDTO.swift in Sources */,
				4AFCB36A214F84B9008F5B9A /* DeliveryListViewController.swift in Sources */,
				4AFCB4082153800F008F5B9A /* DeliveryServiceBuilder.swift in Sources */,
				4AFCB3E42150D4C7008F5B9A /* ViewsFactory.swift in Sources */,
				4AFCB4182153F906008F5B9A /* MapViewCellViewModel.swift in Sources */,
				4AFCB3D321503B10008F5B9A /* DeliveryRepository.swift in Sources */,
				4AFCB370214F84B9008F5B9A /* Delievery_Appliation.xcdatamodeld in Sources */,
				4AFCB38E214F863A008F5B9A /* BaseUrl.swift in Sources */,
				4AFCB3FB2152B3ED008F5B9A /* ContextFactory.swift in Sources */,
				4AFCB3ED21527007008F5B9A /* DeliveryServicesImp.swift in Sources */,
				4AFCB3C4214FE7BB008F5B9A /* LocationModel+CoreDataProperties.swift in Sources */,
				4AFCB3C9215027FD008F5B9A /* Repository.swift in Sources */,
				4AFCB3B1214FBBAD008F5B9A /* DeliveryResponse.swift in Sources */,
				4AFCB4162153F737008F5B9A /* MapViewTableViewCell.swift in Sources */,
				4AFCB3EB21526EF4008F5B9A /* DeliveryListViewModelImp.swift in Sources */,
				4AFCB3FE2152BB17008F5B9A /* Toast.swift in Sources */,
				4AFCB398214F88AE008F5B9A /* API+Extension.swift in Sources */,
				4AFCB3F42152A341008F5B9A /* DeliveryListViewModel.swift in Sources */,
				4AFCB3A0214F8AD0008F5B9A /* LocationDTO.swift in Sources */,
				4AFCB4102153BC54008F5B9A /* ShowMoreViewModel.swift in Sources */,
				4AFCB392214F8690008F5B9A /* NetworkResult.swift in Sources */,
				4AFCB41A2153F92A008F5B9A /* MapModel.swift in Sources */,
				4AFCB4022152C577008F5B9A /* DeliveryListTableCellViewModelImp.swift in Sources */,
				4AFCB40A21538320008F5B9A /* DeliveryRepositoryBuilder.swift in Sources */,
				4AFCB3AD214FB557008F5B9A /* Response.swift in Sources */,
				4AFCB3A4214F8BF8008F5B9A /* DeliveryRequest.swift in Sources */,
				4AFCB4122153BC8A008F5B9A /* ShowMoreViewModelImp.swift in Sources */,
				4AFCB39A214F8939008F5B9A /* RequestProvider.swift in Sources */,
				4AFCB3F021527052008F5B9A /* DeliveryServices.swift in Sources */,
				4AFCB4002152C015008F5B9A /* DeliveryListTableCellViewModel.swift in Sources */,
				4AFCB394214F86B4008F5B9A /* Request.swift in Sources */,
				4AFCB3E62150FF7A008F5B9A /* DeliveryListView.swift in Sources */,
				4AFCB368214F84B9008F5B9A /* AppDelegate.swift in Sources */,
				4AFCB3D021503323008F5B9A /* CoreDataManager.swift in Sources */,
				4AFCB3CB215028DC008F5B9A /* Predicate.swift in Sources */,
				4AFCB3A9214FAB3A008F5B9A /* AlamofireManager.swift in Sources */,
				4AFCB3F92152B214008F5B9A /* Singleton.swift in Sources */,
				4AFCB40E2153B81D008F5B9A /* ShowMoreListTableViewCell.swift in Sources */,
				4AFCB3E12150C656008F5B9A /* Protocols.swift in Sources */,
				4AFCB390214F8662008F5B9A /* API.swift in Sources */,
				4AFCB3C3214FE7BB008F5B9A /* LocationModel+CoreDataClass.swift in Sources */,
				4AFCB3F221529F2F008F5B9A /* DeliveryMapper.swift in Sources */,
				4AFCB3E9215108B7008F5B9A /* DeliveryListTableViewCell.swift in Sources */,
				4AFCB3AB214FB027008F5B9A /* NetworkManager.swift in Sources */,
				4AFCB3D721509989008F5B9A /* Extensions.swift in Sources */,
			);
			runOnlyForDeploymentPostprocessing = 0;
		};
		4AFCB377214F84BC008F5B9A /* Sources */ = {
			isa = PBXSourcesBuildPhase;
			buildActionMask = 2147483647;
			files = (
				4AFCB380214F84BC008F5B9A /* Delievery_AppliationTests.swift in Sources */,
			);
			runOnlyForDeploymentPostprocessing = 0;
		};
/* End PBXSourcesBuildPhase section */

/* Begin PBXTargetDependency section */
		4AFCB37D214F84BC008F5B9A /* PBXTargetDependency */ = {
			isa = PBXTargetDependency;
			target = 4AFCB363214F84B9008F5B9A /* Delievery Appliation */;
			targetProxy = 4AFCB37C214F84BC008F5B9A /* PBXContainerItemProxy */;
		};
/* End PBXTargetDependency section */

/* Begin PBXVariantGroup section */
		4AFCB36B214F84B9008F5B9A /* Main.storyboard */ = {
			isa = PBXVariantGroup;
			children = (
				4AFCB36C214F84B9008F5B9A /* Base */,
			);
			name = Main.storyboard;
			sourceTree = "<group>";
		};
		4AFCB373214F84BC008F5B9A /* LaunchScreen.storyboard */ = {
			isa = PBXVariantGroup;
			children = (
				4AFCB374214F84BC008F5B9A /* Base */,
			);
			name = LaunchScreen.storyboard;
			sourceTree = "<group>";
		};
/* End PBXVariantGroup section */

/* Begin XCBuildConfiguration section */
		4AFCB382214F84BC008F5B9A /* Debug */ = {
			isa = XCBuildConfiguration;
			buildSettings = {
				ALWAYS_SEARCH_USER_PATHS = NO;
				CLANG_ANALYZER_NONNULL = YES;
				CLANG_ANALYZER_NUMBER_OBJECT_CONVERSION = YES_AGGRESSIVE;
				CLANG_CXX_LANGUAGE_STANDARD = "gnu++14";
				CLANG_CXX_LIBRARY = "libc++";
				CLANG_ENABLE_MODULES = YES;
				CLANG_ENABLE_OBJC_ARC = YES;
				CLANG_ENABLE_OBJC_WEAK = YES;
				CLANG_WARN_BLOCK_CAPTURE_AUTORELEASING = YES;
				CLANG_WARN_BOOL_CONVERSION = YES;
				CLANG_WARN_COMMA = YES;
				CLANG_WARN_CONSTANT_CONVERSION = YES;
				CLANG_WARN_DEPRECATED_OBJC_IMPLEMENTATIONS = YES;
				CLANG_WARN_DIRECT_OBJC_ISA_USAGE = YES_ERROR;
				CLANG_WARN_DOCUMENTATION_COMMENTS = YES;
				CLANG_WARN_EMPTY_BODY = YES;
				CLANG_WARN_ENUM_CONVERSION = YES;
				CLANG_WARN_INFINITE_RECURSION = YES;
				CLANG_WARN_INT_CONVERSION = YES;
				CLANG_WARN_NON_LITERAL_NULL_CONVERSION = YES;
				CLANG_WARN_OBJC_IMPLICIT_RETAIN_SELF = YES;
				CLANG_WARN_OBJC_LITERAL_CONVERSION = YES;
				CLANG_WARN_OBJC_ROOT_CLASS = YES_ERROR;
				CLANG_WARN_RANGE_LOOP_ANALYSIS = YES;
				CLANG_WARN_STRICT_PROTOTYPES = YES;
				CLANG_WARN_SUSPICIOUS_MOVE = YES;
				CLANG_WARN_UNGUARDED_AVAILABILITY = YES_AGGRESSIVE;
				CLANG_WARN_UNREACHABLE_CODE = YES;
				CLANG_WARN__DUPLICATE_METHOD_MATCH = YES;
				CODE_SIGN_IDENTITY = "iPhone Developer";
				COPY_PHASE_STRIP = NO;
				DEBUG_INFORMATION_FORMAT = dwarf;
				ENABLE_STRICT_OBJC_MSGSEND = YES;
				ENABLE_TESTABILITY = YES;
				GCC_C_LANGUAGE_STANDARD = gnu11;
				GCC_DYNAMIC_NO_PIC = NO;
				GCC_NO_COMMON_BLOCKS = YES;
				GCC_OPTIMIZATION_LEVEL = 0;
				GCC_PREPROCESSOR_DEFINITIONS = (
					"DEBUG=1",
					"$(inherited)",
				);
				GCC_WARN_64_TO_32_BIT_CONVERSION = YES;
				GCC_WARN_ABOUT_RETURN_TYPE = YES_ERROR;
				GCC_WARN_UNDECLARED_SELECTOR = YES;
				GCC_WARN_UNINITIALIZED_AUTOS = YES_AGGRESSIVE;
				GCC_WARN_UNUSED_FUNCTION = YES;
				GCC_WARN_UNUSED_VARIABLE = YES;
				IPHONEOS_DEPLOYMENT_TARGET = 11.4;
				MTL_ENABLE_DEBUG_INFO = YES;
				ONLY_ACTIVE_ARCH = YES;
				SDKROOT = iphoneos;
				SWIFT_ACTIVE_COMPILATION_CONDITIONS = DEBUG;
				SWIFT_OPTIMIZATION_LEVEL = "-Onone";
			};
			name = Debug;
		};
		4AFCB383214F84BC008F5B9A /* Release */ = {
			isa = XCBuildConfiguration;
			buildSettings = {
				ALWAYS_SEARCH_USER_PATHS = NO;
				CLANG_ANALYZER_NONNULL = YES;
				CLANG_ANALYZER_NUMBER_OBJECT_CONVERSION = YES_AGGRESSIVE;
				CLANG_CXX_LANGUAGE_STANDARD = "gnu++14";
				CLANG_CXX_LIBRARY = "libc++";
				CLANG_ENABLE_MODULES = YES;
				CLANG_ENABLE_OBJC_ARC = YES;
				CLANG_ENABLE_OBJC_WEAK = YES;
				CLANG_WARN_BLOCK_CAPTURE_AUTORELEASING = YES;
				CLANG_WARN_BOOL_CONVERSION = YES;
				CLANG_WARN_COMMA = YES;
				CLANG_WARN_CONSTANT_CONVERSION = YES;
				CLANG_WARN_DEPRECATED_OBJC_IMPLEMENTATIONS = YES;
				CLANG_WARN_DIRECT_OBJC_ISA_USAGE = YES_ERROR;
				CLANG_WARN_DOCUMENTATION_COMMENTS = YES;
				CLANG_WARN_EMPTY_BODY = YES;
				CLANG_WARN_ENUM_CONVERSION = YES;
				CLANG_WARN_INFINITE_RECURSION = YES;
				CLANG_WARN_INT_CONVERSION = YES;
				CLANG_WARN_NON_LITERAL_NULL_CONVERSION = YES;
				CLANG_WARN_OBJC_IMPLICIT_RETAIN_SELF = YES;
				CLANG_WARN_OBJC_LITERAL_CONVERSION = YES;
				CLANG_WARN_OBJC_ROOT_CLASS = YES_ERROR;
				CLANG_WARN_RANGE_LOOP_ANALYSIS = YES;
				CLANG_WARN_STRICT_PROTOTYPES = YES;
				CLANG_WARN_SUSPICIOUS_MOVE = YES;
				CLANG_WARN_UNGUARDED_AVAILABILITY = YES_AGGRESSIVE;
				CLANG_WARN_UNREACHABLE_CODE = YES;
				CLANG_WARN__DUPLICATE_METHOD_MATCH = YES;
				CODE_SIGN_IDENTITY = "iPhone Developer";
				COPY_PHASE_STRIP = NO;
				DEBUG_INFORMATION_FORMAT = "dwarf-with-dsym";
				ENABLE_NS_ASSERTIONS = NO;
				ENABLE_STRICT_OBJC_MSGSEND = YES;
				GCC_C_LANGUAGE_STANDARD = gnu11;
				GCC_NO_COMMON_BLOCKS = YES;
				GCC_WARN_64_TO_32_BIT_CONVERSION = YES;
				GCC_WARN_ABOUT_RETURN_TYPE = YES_ERROR;
				GCC_WARN_UNDECLARED_SELECTOR = YES;
				GCC_WARN_UNINITIALIZED_AUTOS = YES_AGGRESSIVE;
				GCC_WARN_UNUSED_FUNCTION = YES;
				GCC_WARN_UNUSED_VARIABLE = YES;
				IPHONEOS_DEPLOYMENT_TARGET = 11.4;
				MTL_ENABLE_DEBUG_INFO = NO;
				SDKROOT = iphoneos;
				SWIFT_COMPILATION_MODE = wholemodule;
				SWIFT_OPTIMIZATION_LEVEL = "-O";
				VALIDATE_PRODUCT = YES;
			};
			name = Release;
		};
		4AFCB385214F84BC008F5B9A /* Debug */ = {
			isa = XCBuildConfiguration;
			baseConfigurationReference = 4385A00B03F75E7BEDDC20A2 /* Pods-Delievery Appliation.debug.xcconfig */;
			buildSettings = {
				ASSETCATALOG_COMPILER_APPICON_NAME = AppIcon;
				CODE_SIGN_STYLE = Automatic;
				INFOPLIST_FILE = "Delievery Appliation/Info.plist";
				LD_RUNPATH_SEARCH_PATHS = (
					"$(inherited)",
					"@executable_path/Frameworks",
				);
				PRODUCT_BUNDLE_IDENTIFIER = "osama.Delievery-Appliation";
				PRODUCT_NAME = "$(TARGET_NAME)";
				SWIFT_VERSION = 4.0;
				TARGETED_DEVICE_FAMILY = "1,2";
			};
			name = Debug;
		};
		4AFCB386214F84BC008F5B9A /* Release */ = {
			isa = XCBuildConfiguration;
			baseConfigurationReference = 56301AEE276E14674FB89475 /* Pods-Delievery Appliation.release.xcconfig */;
			buildSettings = {
				ASSETCATALOG_COMPILER_APPICON_NAME = AppIcon;
				CODE_SIGN_STYLE = Automatic;
				INFOPLIST_FILE = "Delievery Appliation/Info.plist";
				LD_RUNPATH_SEARCH_PATHS = (
					"$(inherited)",
					"@executable_path/Frameworks",
				);
				PRODUCT_BUNDLE_IDENTIFIER = "osama.Delievery-Appliation";
				PRODUCT_NAME = "$(TARGET_NAME)";
				SWIFT_VERSION = 4.0;
				TARGETED_DEVICE_FAMILY = "1,2";
			};
			name = Release;
		};
		4AFCB388214F84BC008F5B9A /* Debug */ = {
			isa = XCBuildConfiguration;
			buildSettings = {
				ALWAYS_EMBED_SWIFT_STANDARD_LIBRARIES = YES;
				BUNDLE_LOADER = "$(TEST_HOST)";
				CODE_SIGN_STYLE = Automatic;
				INFOPLIST_FILE = "Delievery AppliationTests/Info.plist";
				LD_RUNPATH_SEARCH_PATHS = (
					"$(inherited)",
					"@executable_path/Frameworks",
					"@loader_path/Frameworks",
				);
				PRODUCT_BUNDLE_IDENTIFIER = "osama.Delievery-AppliationTests";
				PRODUCT_NAME = "$(TARGET_NAME)";
				SWIFT_VERSION = 4.0;
				TARGETED_DEVICE_FAMILY = "1,2";
				TEST_HOST = "$(BUILT_PRODUCTS_DIR)/Delievery Appliation.app/Delievery Appliation";
			};
			name = Debug;
		};
		4AFCB389214F84BC008F5B9A /* Release */ = {
			isa = XCBuildConfiguration;
			buildSettings = {
				ALWAYS_EMBED_SWIFT_STANDARD_LIBRARIES = YES;
				BUNDLE_LOADER = "$(TEST_HOST)";
				CODE_SIGN_STYLE = Automatic;
				INFOPLIST_FILE = "Delievery AppliationTests/Info.plist";
				LD_RUNPATH_SEARCH_PATHS = (
					"$(inherited)",
					"@executable_path/Frameworks",
					"@loader_path/Frameworks",
				);
				PRODUCT_BUNDLE_IDENTIFIER = "osama.Delievery-AppliationTests";
				PRODUCT_NAME = "$(TARGET_NAME)";
				SWIFT_VERSION = 4.0;
				TARGETED_DEVICE_FAMILY = "1,2";
				TEST_HOST = "$(BUILT_PRODUCTS_DIR)/Delievery Appliation.app/Delievery Appliation";
			};
			name = Release;
		};
/* End XCBuildConfiguration section */

/* Begin XCConfigurationList section */
		4AFCB35F214F84B9008F5B9A /* Build configuration list for PBXProject "Delievery Appliation" */ = {
			isa = XCConfigurationList;
			buildConfigurations = (
				4AFCB382214F84BC008F5B9A /* Debug */,
				4AFCB383214F84BC008F5B9A /* Release */,
			);
			defaultConfigurationIsVisible = 0;
			defaultConfigurationName = Release;
		};
		4AFCB384214F84BC008F5B9A /* Build configuration list for PBXNativeTarget "Delievery Appliation" */ = {
			isa = XCConfigurationList;
			buildConfigurations = (
				4AFCB385214F84BC008F5B9A /* Debug */,
				4AFCB386214F84BC008F5B9A /* Release */,
			);
			defaultConfigurationIsVisible = 0;
			defaultConfigurationName = Release;
		};
		4AFCB387214F84BC008F5B9A /* Build configuration list for PBXNativeTarget "Delievery AppliationTests" */ = {
			isa = XCConfigurationList;
			buildConfigurations = (
				4AFCB388214F84BC008F5B9A /* Debug */,
				4AFCB389214F84BC008F5B9A /* Release */,
			);
			defaultConfigurationIsVisible = 0;
			defaultConfigurationName = Release;
		};
/* End XCConfigurationList section */

/* Begin XCVersionGroup section */
		4AFCB36E214F84B9008F5B9A /* Delievery_Appliation.xcdatamodeld */ = {
			isa = XCVersionGroup;
			children = (
				4AFCB36F214F84B9008F5B9A /* Delievery_Appliation.xcdatamodel */,
			);
			currentVersion = 4AFCB36F214F84B9008F5B9A /* Delievery_Appliation.xcdatamodel */;
			path = Delievery_Appliation.xcdatamodeld;
			sourceTree = "<group>";
			versionGroupType = wrapper.xcdatamodel;
		};
/* End XCVersionGroup section */
	};
	rootObject = 4AFCB35C214F84B9008F5B9A /* Project object */;
}
